
Microsoft Visual Studio Solution File, Format Version 12.00
Project("{FAE04EC0-301F-11D3-BF4B-00C04F79EFBC}") = "IP Address Parser", "IP Address Parser\IP Address Parser.csproj", "{C609126F-630E-4A52-968B-F73F64D4AFF1}"
EndProject
Project("{FAE04EC0-301F-11D3-BF4B-00C04F79EFBC}") = "Network Scanner", "Network Scanner\Network Scanner.csproj", "{9EE354FE-6C9D-4171-A706-05AAD28500BC}"
EndProject
Global
	GlobalSection(SolutionConfigurationPlatforms) = preSolution
		Debug|Any CPU = Debug|Any CPU
		Release|Any CPU = Release|Any CPU
	EndGlobalSection
	GlobalSection(ProjectConfigurationPlatforms) = postSolution
		{C609126F-630E-4A52-968B-F73F64D4AFF1}.Debug|Any CPU.ActiveCfg = Debug|Any CPU
		{C609126F-630E-4A52-968B-F73F64D4AFF1}.Debug|Any CPU.Build.0 = Debug|Any CPU
		{C609126F-630E-4A52-968B-F73F64D4AFF1}.Release|Any CPU.ActiveCfg = Release|Any CPU
		{C609126F-630E-4A52-968B-F73F64D4AFF1}.Release|Any CPU.Build.0 = Release|Any CPU
		{9EE354FE-6C9D-4171-A706-05AAD28500BC}.Debug|Any CPU.ActiveCfg = Debug|Any CPU
		{9EE354FE-6C9D-4171-A706-05AAD28500BC}.Debug|Any CPU.Build.0 = Debug|Any CPU
		{9EE354FE-6C9D-4171-A706-05AAD28500BC}.Release|Any CPU.ActiveCfg = Release|Any CPU
		{9EE354FE-6C9D-4171-A706-05AAD28500BC}.Release|Any CPU.Build.0 = Release|Any CPU
	EndGlobalSection
EndGlobal
